
Microsoft Visual Studio Solution File, Format Version 12.00
# Visual Studio 15
VisualStudioVersion = 15.0.28307.645
MinimumVisualStudioVersion = 10.0.40219.1
Project("{FAE04EC0-301F-11D3-BF4B-00C04F79EFBC}") = "ValidadorXML", "ValidadorXML\ValidadorXML.csproj", "{B15BE4C4-99D2-45CD-B819-0A59BE3B4C16}"
EndProject
Global
	GlobalSection(SolutionConfigurationPlatforms) = preSolution
		Debug|Any CPU = Debug|Any CPU
		Release|Any CPU = Release|Any CPU
	EndGlobalSection
	GlobalSection(ProjectConfigurationPlatforms) = postSolution
		{B15BE4C4-99D2-45CD-B819-0A59BE3B4C16}.Debug|Any CPU.ActiveCfg = Debug|Any CPU
		{B15BE4C4-99D2-45CD-B819-0A59BE3B4C16}.Debug|Any CPU.Build.0 = Debug|Any CPU
		{B15BE4C4-99D2-45CD-B819-0A59BE3B4C16}.Release|Any CPU.ActiveCfg = Release|Any CPU
		{B15BE4C4-99D2-45CD-B819-0A59BE3B4C16}.Release|Any CPU.Build.0 = Release|Any CPU
	EndGlobalSection
	GlobalSection(SolutionProperties) = preSolution
		HideSolutionNode = FALSE
	EndGlobalSection
	GlobalSection(ExtensibilityGlobals) = postSolution
		SolutionGuid = {B32D8BFF-C361-4751-9338-FC538191E032}
	EndGlobalSection
EndGlobal
